// !$*UTF8*$!
{
	archiveVersion = 1;
	classes = {
	};
	objectVersion = 56;
	objects = {

/* Begin PBXBuildFile section */
		0765F1BF297C26A900DE4B39 /* DetailEditView.swift in Sources */ = {isa = PBXBuildFile; fileRef = 0765F1BE297C26A900DE4B39 /* DetailEditView.swift */; };
		0765F1C1297C2C7C00DE4B39 /* ThemeView.swift in Sources */ = {isa = PBXBuildFile; fileRef = 0765F1C0297C2C7C00DE4B39 /* ThemeView.swift */; };
		0765F1C3297C2E1D00DE4B39 /* ThemePicker.swift in Sources */ = {isa = PBXBuildFile; fileRef = 0765F1C2297C2E1D00DE4B39 /* ThemePicker.swift */; };
		0765F1C5297C392300DE4B39 /* MeetingHeaderView.swift in Sources */ = {isa = PBXBuildFile; fileRef = 0765F1C4297C392300DE4B39 /* MeetingHeaderView.swift */; };
		0765F1C7297C3CFD00DE4B39 /* ScrumProgessViewStyle.swift in Sources */ = {isa = PBXBuildFile; fileRef = 0765F1C6297C3CFD00DE4B39 /* ScrumProgessViewStyle.swift */; };
		0765F1C9297C3DFF00DE4B39 /* ScrumTimer.swift in Sources */ = {isa = PBXBuildFile; fileRef = 0765F1C8297C3DFF00DE4B39 /* ScrumTimer.swift */; };
		0765F1CB297C50E100DE4B39 /* MeetingFooterView.swift in Sources */ = {isa = PBXBuildFile; fileRef = 0765F1CA297C50E100DE4B39 /* MeetingFooterView.swift */; };
		0765F1CD297C576A00DE4B39 /* AVPlayer.swift in Sources */ = {isa = PBXBuildFile; fileRef = 0765F1CC297C576A00DE4B39 /* AVPlayer.swift */; };
		0765F1CF297C5C7A00DE4B39 /* History.swift in Sources */ = {isa = PBXBuildFile; fileRef = 0765F1CE297C5C7A00DE4B39 /* History.swift */; };
		0765F1D1297C622600DE4B39 /* ScrumStore.swift in Sources */ = {isa = PBXBuildFile; fileRef = 0765F1D0297C622600DE4B39 /* ScrumStore.swift */; };
		0765F1D5297C6DC700DE4B39 /* ErrorWrapper.swift in Sources */ = {isa = PBXBuildFile; fileRef = 0765F1D4297C6DC700DE4B39 /* ErrorWrapper.swift */; };
		0765F1D7297C6E2D00DE4B39 /* ErrorView.swift in Sources */ = {isa = PBXBuildFile; fileRef = 0765F1D6297C6E2D00DE4B39 /* ErrorView.swift */; };
		077AFDD3299129CF003A3AC4 /* MeetingTimerView.swift in Sources */ = {isa = PBXBuildFile; fileRef = 077AFDD2299129CF003A3AC4 /* MeetingTimerView.swift */; };
		077AFDD529912DEB003A3AC4 /* SpeakerArc.swift in Sources */ = {isa = PBXBuildFile; fileRef = 077AFDD429912DEB003A3AC4 /* SpeakerArc.swift */; };
		07B2D48229603D6700B53D55 /* Theme.swift in Sources */ = {isa = PBXBuildFile; fileRef = 07B2D48129603D6700B53D55 /* Theme.swift */; };
		07B2D48429603DA800B53D55 /* DailyScrum.swift in Sources */ = {isa = PBXBuildFile; fileRef = 07B2D48329603DA800B53D55 /* DailyScrum.swift */; };
		07B2D48629603DDD00B53D55 /* CardView.swift in Sources */ = {isa = PBXBuildFile; fileRef = 07B2D48529603DDD00B53D55 /* CardView.swift */; };
		07B2D48829603E2400B53D55 /* TrailingIconLabelStyle.swift in Sources */ = {isa = PBXBuildFile; fileRef = 07B2D48729603E2400B53D55 /* TrailingIconLabelStyle.swift */; };
		07B2D48A2960457A00B53D55 /* ScrumsView.swift in Sources */ = {isa = PBXBuildFile; fileRef = 07B2D4892960457A00B53D55 /* ScrumsView.swift */; };
		07BB2B07295E0A8700BC3D79 /* ScrumdingerApp.swift in Sources */ = {isa = PBXBuildFile; fileRef = 07BB2B06295E0A8700BC3D79 /* ScrumdingerApp.swift */; };
		07BB2B09295E0A8700BC3D79 /* MeetingView.swift in Sources */ = {isa = PBXBuildFile; fileRef = 07BB2B08295E0A8700BC3D79 /* MeetingView.swift */; };
		07BB2B0B295E0A8700BC3D79 /* Assets.xcassets in Resources */ = {isa = PBXBuildFile; fileRef = 07BB2B0A295E0A8700BC3D79 /* Assets.xcassets */; };
		07BB2B0F295E0A8700BC3D79 /* Preview Assets.xcassets in Resources */ = {isa = PBXBuildFile; fileRef = 07BB2B0E295E0A8700BC3D79 /* Preview Assets.xcassets */; };
		07BB2B19295E0A8700BC3D79 /* ScrumdingerTests.swift in Sources */ = {isa = PBXBuildFile; fileRef = 07BB2B18295E0A8700BC3D79 /* ScrumdingerTests.swift */; };
		07BB2B23295E0A8700BC3D79 /* ScrumdingerUITests.swift in Sources */ = {isa = PBXBuildFile; fileRef = 07BB2B22295E0A8700BC3D79 /* ScrumdingerUITests.swift */; };
		07BB2B25295E0A8700BC3D79 /* ScrumdingerUITestsLaunchTests.swift in Sources */ = {isa = PBXBuildFile; fileRef = 07BB2B24295E0A8700BC3D79 /* ScrumdingerUITestsLaunchTests.swift */; };
		07D6D5DC296F580100151B14 /* Detail View.swift in Sources */ = {isa = PBXBuildFile; fileRef = 07D6D5DB296F580100151B14 /* Detail View.swift */; };
/* End PBXBuildFile section */

/* Begin PBXContainerItemProxy section */
		07BB2B15295E0A8700BC3D79 /* PBXContainerItemProxy */ = {
			isa = PBXContainerItemProxy;
			containerPortal = 07BB2AFB295E0A8600BC3D79 /* Project object */;
			proxyType = 1;
			remoteGlobalIDString = 07BB2B02295E0A8700BC3D79;
			remoteInfo = Scrumdinger;
		};
		07BB2B1F295E0A8700BC3D79 /* PBXContainerItemProxy */ = {
			isa = PBXContainerItemProxy;
			containerPortal = 07BB2AFB295E0A8600BC3D79 /* Project object */;
			proxyType = 1;
			remoteGlobalIDString = 07BB2B02295E0A8700BC3D79;
			remoteInfo = Scrumdinger;
		};
/* End PBXContainerItemProxy section */

/* Begin PBXFileReference section */
		0765F1BE297C26A900DE4B39 /* DetailEditView.swift */ = {isa = PBXFileReference; lastKnownFileType = sourcecode.swift; path = DetailEditView.swift; sourceTree = "<group>"; };
		0765F1C0297C2C7C00DE4B39 /* ThemeView.swift */ = {isa = PBXFileReference; lastKnownFileType = sourcecode.swift; path = ThemeView.swift; sourceTree = "<group>"; };
		0765F1C2297C2E1D00DE4B39 /* ThemePicker.swift */ = {isa = PBXFileReference; lastKnownFileType = sourcecode.swift; path = ThemePicker.swift; sourceTree = "<group>"; };
		0765F1C4297C392300DE4B39 /* MeetingHeaderView.swift */ = {isa = PBXFileReference; lastKnownFileType = sourcecode.swift; path = MeetingHeaderView.swift; sourceTree = "<group>"; };
		0765F1C6297C3CFD00DE4B39 /* ScrumProgessViewStyle.swift */ = {isa = PBXFileReference; lastKnownFileType = sourcecode.swift; path = ScrumProgessViewStyle.swift; sourceTree = "<group>"; };
		0765F1C8297C3DFF00DE4B39 /* ScrumTimer.swift */ = {isa = PBXFileReference; lastKnownFileType = sourcecode.swift; path = ScrumTimer.swift; sourceTree = "<group>"; };
		0765F1CA297C50E100DE4B39 /* MeetingFooterView.swift */ = {isa = PBXFileReference; lastKnownFileType = sourcecode.swift; path = MeetingFooterView.swift; sourceTree = "<group>"; };
		0765F1CC297C576A00DE4B39 /* AVPlayer.swift */ = {isa = PBXFileReference; lastKnownFileType = sourcecode.swift; path = AVPlayer.swift; sourceTree = "<group>"; };
		0765F1CE297C5C7A00DE4B39 /* History.swift */ = {isa = PBXFileReference; lastKnownFileType = sourcecode.swift; path = History.swift; sourceTree = "<group>"; };
		0765F1D0297C622600DE4B39 /* ScrumStore.swift */ = {isa = PBXFileReference; lastKnownFileType = sourcecode.swift; path = ScrumStore.swift; sourceTree = "<group>"; };
		0765F1D4297C6DC700DE4B39 /* ErrorWrapper.swift */ = {isa = PBXFileReference; lastKnownFileType = sourcecode.swift; path = ErrorWrapper.swift; sourceTree = "<group>"; };
		0765F1D6297C6E2D00DE4B39 /* ErrorView.swift */ = {isa = PBXFileReference; lastKnownFileType = sourcecode.swift; path = ErrorView.swift; sourceTree = "<group>"; };
		077AFDD2299129CF003A3AC4 /* MeetingTimerView.swift */ = {isa = PBXFileReference; lastKnownFileType = sourcecode.swift; path = MeetingTimerView.swift; sourceTree = "<group>"; };
		077AFDD429912DEB003A3AC4 /* SpeakerArc.swift */ = {isa = PBXFileReference; lastKnownFileType = sourcecode.swift; path = SpeakerArc.swift; sourceTree = "<group>"; };
		07B2D48129603D6700B53D55 /* Theme.swift */ = {isa = PBXFileReference; lastKnownFileType = sourcecode.swift; path = Theme.swift; sourceTree = "<group>"; };
		07B2D48329603DA800B53D55 /* DailyScrum.swift */ = {isa = PBXFileReference; lastKnownFileType = sourcecode.swift; path = DailyScrum.swift; sourceTree = "<group>"; };
		07B2D48529603DDD00B53D55 /* CardView.swift */ = {isa = PBXFileReference; lastKnownFileType = sourcecode.swift; path = CardView.swift; sourceTree = "<group>"; };
		07B2D48729603E2400B53D55 /* TrailingIconLabelStyle.swift */ = {isa = PBXFileReference; lastKnownFileType = sourcecode.swift; path = TrailingIconLabelStyle.swift; sourceTree = "<group>"; };
		07B2D4892960457A00B53D55 /* ScrumsView.swift */ = {isa = PBXFileReference; lastKnownFileType = sourcecode.swift; path = ScrumsView.swift; sourceTree = "<group>"; };
		07BB2B03295E0A8700BC3D79 /* Scrumdinger.app */ = {isa = PBXFileReference; explicitFileType = wrapper.application; includeInIndex = 0; path = Scrumdinger.app; sourceTree = BUILT_PRODUCTS_DIR; };
		07BB2B06295E0A8700BC3D79 /* ScrumdingerApp.swift */ = {isa = PBXFileReference; lastKnownFileType = sourcecode.swift; path = ScrumdingerApp.swift; sourceTree = "<group>"; };
		07BB2B08295E0A8700BC3D79 /* MeetingView.swift */ = {isa = PBXFileReference; lastKnownFileType = sourcecode.swift; path = MeetingView.swift; sourceTree = "<group>"; };
		07BB2B0A295E0A8700BC3D79 /* Assets.xcassets */ = {isa = PBXFileReference; lastKnownFileType = folder.assetcatalog; path = Assets.xcassets; sourceTree = "<group>"; };
		07BB2B0C295E0A8700BC3D79 /* Scrumdinger.entitlements */ = {isa = PBXFileReference; lastKnownFileType = text.plist.entitlements; path = Scrumdinger.entitlements; sourceTree = "<group>"; };
		07BB2B0E295E0A8700BC3D79 /* Preview Assets.xcassets */ = {isa = PBXFileReference; lastKnownFileType = folder.assetcatalog; path = "Preview Assets.xcassets"; sourceTree = "<group>"; };
		07BB2B14295E0A8700BC3D79 /* ScrumdingerTests.xctest */ = {isa = PBXFileReference; explicitFileType = wrapper.cfbundle; includeInIndex = 0; path = ScrumdingerTests.xctest; sourceTree = BUILT_PRODUCTS_DIR; };
		07BB2B18295E0A8700BC3D79 /* ScrumdingerTests.swift */ = {isa = PBXFileReference; lastKnownFileType = sourcecode.swift; path = ScrumdingerTests.swift; sourceTree = "<group>"; };
		07BB2B1E295E0A8700BC3D79 /* ScrumdingerUITests.xctest */ = {isa = PBXFileReference; explicitFileType = wrapper.cfbundle; includeInIndex = 0; path = ScrumdingerUITests.xctest; sourceTree = BUILT_PRODUCTS_DIR; };
		07BB2B22295E0A8700BC3D79 /* ScrumdingerUITests.swift */ = {isa = PBXFileReference; lastKnownFileType = sourcecode.swift; path = ScrumdingerUITests.swift; sourceTree = "<group>"; };
		07BB2B24295E0A8700BC3D79 /* ScrumdingerUITestsLaunchTests.swift */ = {isa = PBXFileReference; lastKnownFileType = sourcecode.swift; path = ScrumdingerUITestsLaunchTests.swift; sourceTree = "<group>"; };
		07D6D5DB296F580100151B14 /* Detail View.swift */ = {isa = PBXFileReference; lastKnownFileType = sourcecode.swift; path = "Detail View.swift"; sourceTree = "<group>"; };
/* End PBXFileReference section */

/* Begin PBXFrameworksBuildPhase section */
		07BB2B00295E0A8700BC3D79 /* Frameworks */ = {
			isa = PBXFrameworksBuildPhase;
			buildActionMask = 2147483647;
			files = (
			);
			runOnlyForDeploymentPostprocessing = 0;
		};
		07BB2B11295E0A8700BC3D79 /* Frameworks */ = {
			isa = PBXFrameworksBuildPhase;
			buildActionMask = 2147483647;
			files = (
			);
			runOnlyForDeploymentPostprocessing = 0;
		};
		07BB2B1B295E0A8700BC3D79 /* Frameworks */ = {
			isa = PBXFrameworksBuildPhase;
			buildActionMask = 2147483647;
			files = (
			);
			runOnlyForDeploymentPostprocessing = 0;
		};
/* End PBXFrameworksBuildPhase section */

/* Begin PBXGroup section */
		07B2D48029603D5300B53D55 /* Models */ = {
			isa = PBXGroup;
			children = (
				07B2D48129603D6700B53D55 /* Theme.swift */,
				07B2D48329603DA800B53D55 /* DailyScrum.swift */,
				0765F1C8297C3DFF00DE4B39 /* ScrumTimer.swift */,
				0765F1CC297C576A00DE4B39 /* AVPlayer.swift */,
				0765F1CE297C5C7A00DE4B39 /* History.swift */,
				0765F1D0297C622600DE4B39 /* ScrumStore.swift */,
				0765F1D4297C6DC700DE4B39 /* ErrorWrapper.swift */,
				0765F1D6297C6E2D00DE4B39 /* ErrorView.swift */,
			);
			path = Models;
			sourceTree = "<group>";
		};
		07BB2AFA295E0A8600BC3D79 = {
			isa = PBXGroup;
			children = (
				07BB2B05295E0A8700BC3D79 /* Scrumdinger */,
				07BB2B17295E0A8700BC3D79 /* ScrumdingerTests */,
				07BB2B21295E0A8700BC3D79 /* ScrumdingerUITests */,
				07BB2B04295E0A8700BC3D79 /* Products */,
			);
			sourceTree = "<group>";
		};
		07BB2B04295E0A8700BC3D79 /* Products */ = {
			isa = PBXGroup;
			children = (
				07BB2B03295E0A8700BC3D79 /* Scrumdinger.app */,
				07BB2B14295E0A8700BC3D79 /* ScrumdingerTests.xctest */,
				07BB2B1E295E0A8700BC3D79 /* ScrumdingerUITests.xctest */,
			);
			name = Products;
			sourceTree = "<group>";
		};
		07BB2B05295E0A8700BC3D79 /* Scrumdinger */ = {
			isa = PBXGroup;
			children = (
				07B2D48029603D5300B53D55 /* Models */,
				07BB2B06295E0A8700BC3D79 /* ScrumdingerApp.swift */,
				07BB2B08295E0A8700BC3D79 /* MeetingView.swift */,
				07BB2B0A295E0A8700BC3D79 /* Assets.xcassets */,
				07BB2B0C295E0A8700BC3D79 /* Scrumdinger.entitlements */,
				07BB2B0D295E0A8700BC3D79 /* Preview Content */,
				07B2D48529603DDD00B53D55 /* CardView.swift */,
				07B2D48729603E2400B53D55 /* TrailingIconLabelStyle.swift */,
				07B2D4892960457A00B53D55 /* ScrumsView.swift */,
				07D6D5DB296F580100151B14 /* Detail View.swift */,
				0765F1BE297C26A900DE4B39 /* DetailEditView.swift */,
				0765F1C0297C2C7C00DE4B39 /* ThemeView.swift */,
				0765F1C2297C2E1D00DE4B39 /* ThemePicker.swift */,
				0765F1C4297C392300DE4B39 /* MeetingHeaderView.swift */,
				0765F1C6297C3CFD00DE4B39 /* ScrumProgessViewStyle.swift */,
				0765F1CA297C50E100DE4B39 /* MeetingFooterView.swift */,
				077AFDD2299129CF003A3AC4 /* MeetingTimerView.swift */,
				077AFDD429912DEB003A3AC4 /* SpeakerArc.swift */,
			);
			path = Scrumdinger;
			sourceTree = "<group>";
		};
		07BB2B0D295E0A8700BC3D79 /* Preview Content */ = {
			isa = PBXGroup;
			children = (
				07BB2B0E295E0A8700BC3D79 /* Preview Assets.xcassets */,
			);
			path = "Preview Content";
			sourceTree = "<group>";
		};
		07BB2B17295E0A8700BC3D79 /* ScrumdingerTests */ = {
			isa = PBXGroup;
			children = (
				07BB2B18295E0A8700BC3D79 /* ScrumdingerTests.swift */,
			);
			path = ScrumdingerTests;
			sourceTree = "<group>";
		};
		07BB2B21295E0A8700BC3D79 /* ScrumdingerUITests */ = {
			isa = PBXGroup;
			children = (
				07BB2B22295E0A8700BC3D79 /* ScrumdingerUITests.swift */,
				07BB2B24295E0A8700BC3D79 /* ScrumdingerUITestsLaunchTests.swift */,
			);
			path = ScrumdingerUITests;
			sourceTree = "<group>";
		};
/* End PBXGroup section */

/* Begin PBXNativeTarget section */
		07BB2B02295E0A8700BC3D79 /* Scrumdinger */ = {
			isa = PBXNativeTarget;
			buildConfigurationList = 07BB2B28295E0A8700BC3D79 /* Build configuration list for PBXNativeTarget "Scrumdinger" */;
			buildPhases = (
				07BB2AFF295E0A8700BC3D79 /* Sources */,
				07BB2B00295E0A8700BC3D79 /* Frameworks */,
				07BB2B01295E0A8700BC3D79 /* Resources */,
			);
			buildRules = (
			);
			dependencies = (
			);
			name = Scrumdinger;
			productName = Scrumdinger;
			productReference = 07BB2B03295E0A8700BC3D79 /* Scrumdinger.app */;
			productType = "com.apple.product-type.application";
		};
		07BB2B13295E0A8700BC3D79 /* ScrumdingerTests */ = {
			isa = PBXNativeTarget;
			buildConfigurationList = 07BB2B2B295E0A8700BC3D79 /* Build configuration list for PBXNativeTarget "ScrumdingerTests" */;
			buildPhases = (
				07BB2B10295E0A8700BC3D79 /* Sources */,
				07BB2B11295E0A8700BC3D79 /* Frameworks */,
				07BB2B12295E0A8700BC3D79 /* Resources */,
			);
			buildRules = (
			);
			dependencies = (
				07BB2B16295E0A8700BC3D79 /* PBXTargetDependency */,
			);
			name = ScrumdingerTests;
			productName = ScrumdingerTests;
			productReference = 07BB2B14295E0A8700BC3D79 /* ScrumdingerTests.xctest */;
			productType = "com.apple.product-type.bundle.unit-test";
		};
		07BB2B1D295E0A8700BC3D79 /* ScrumdingerUITests */ = {
			isa = PBXNativeTarget;
			buildConfigurationList = 07BB2B2E295E0A8700BC3D79 /* Build configuration list for PBXNativeTarget "ScrumdingerUITests" */;
			buildPhases = (
				07BB2B1A295E0A8700BC3D79 /* Sources */,
				07BB2B1B295E0A8700BC3D79 /* Frameworks */,
				07BB2B1C295E0A8700BC3D79 /* Resources */,
			);
			buildRules = (
			);
			dependencies = (
				07BB2B20295E0A8700BC3D79 /* PBXTargetDependency */,
			);
			name = ScrumdingerUITests;
			productName = ScrumdingerUITests;
			productReference = 07BB2B1E295E0A8700BC3D79 /* ScrumdingerUITests.xctest */;
			productType = "com.apple.product-type.bundle.ui-testing";
		};
/* End PBXNativeTarget section */

/* Begin PBXProject section */
		07BB2AFB295E0A8600BC3D79 /* Project object */ = {
			isa = PBXProject;
			attributes = {
				BuildIndependentTargetsInParallel = 1;
				LastSwiftUpdateCheck = 1420;
				LastUpgradeCheck = 1420;
				TargetAttributes = {
					07BB2B02295E0A8700BC3D79 = {
						CreatedOnToolsVersion = 14.2;
					};
					07BB2B13295E0A8700BC3D79 = {
						CreatedOnToolsVersion = 14.2;
						TestTargetID = 07BB2B02295E0A8700BC3D79;
					};
					07BB2B1D295E0A8700BC3D79 = {
						CreatedOnToolsVersion = 14.2;
						TestTargetID = 07BB2B02295E0A8700BC3D79;
					};
				};
			};
			buildConfigurationList = 07BB2AFE295E0A8600BC3D79 /* Build configuration list for PBXProject "Scrumdinger" */;
			compatibilityVersion = "Xcode 14.0";
			developmentRegion = en;
			hasScannedForEncodings = 0;
			knownRegions = (
				en,
				Base,
			);
			mainGroup = 07BB2AFA295E0A8600BC3D79;
			productRefGroup = 07BB2B04295E0A8700BC3D79 /* Products */;
			projectDirPath = "";
			projectRoot = "";
			targets = (
				07BB2B02295E0A8700BC3D79 /* Scrumdinger */,
				07BB2B13295E0A8700BC3D79 /* ScrumdingerTests */,
				07BB2B1D295E0A8700BC3D79 /* ScrumdingerUITests */,
			);
		};
/* End PBXProject section */

/* Begin PBXResourcesBuildPhase section */
		07BB2B01295E0A8700BC3D79 /* Resources */ = {
			isa = PBXResourcesBuildPhase;
			buildActionMask = 2147483647;
			files = (
				07BB2B0F295E0A8700BC3D79 /* Preview Assets.xcassets in Resources */,
				07BB2B0B295E0A8700BC3D79 /* Assets.xcassets in Resources */,
			);
			runOnlyForDeploymentPostprocessing = 0;
		};
		07BB2B12295E0A8700BC3D79 /* Resources */ = {
			isa = PBXResourcesBuildPhase;
			buildActionMask = 2147483647;
			files = (
			);
			runOnlyForDeploymentPostprocessing = 0;
		};
		07BB2B1C295E0A8700BC3D79 /* Resources */ = {
			isa = PBXResourcesBuildPhase;
			buildActionMask = 2147483647;
			files = (
			);
			runOnlyForDeploymentPostprocessing = 0;
		};
/* End PBXResourcesBuildPhase section */

/* Begin PBXSourcesBuildPhase section */
		07BB2AFF295E0A8700BC3D79 /* Sources */ = {
			isa = PBXSourcesBuildPhase;
			buildActionMask = 2147483647;
			files = (
				0765F1CF297C5C7A00DE4B39 /* History.swift in Sources */,
				0765F1C3297C2E1D00DE4B39 /* ThemePicker.swift in Sources */,
				07B2D48429603DA800B53D55 /* DailyScrum.swift in Sources */,
				0765F1CB297C50E100DE4B39 /* MeetingFooterView.swift in Sources */,
				0765F1D1297C622600DE4B39 /* ScrumStore.swift in Sources */,
				0765F1C9297C3DFF00DE4B39 /* ScrumTimer.swift in Sources */,
				07B2D48829603E2400B53D55 /* TrailingIconLabelStyle.swift in Sources */,
				0765F1C5297C392300DE4B39 /* MeetingHeaderView.swift in Sources */,
				0765F1BF297C26A900DE4B39 /* DetailEditView.swift in Sources */,
				077AFDD3299129CF003A3AC4 /* MeetingTimerView.swift in Sources */,
				07D6D5DC296F580100151B14 /* Detail View.swift in Sources */,
				0765F1D5297C6DC700DE4B39 /* ErrorWrapper.swift in Sources */,
				07B2D48229603D6700B53D55 /* Theme.swift in Sources */,
				07B2D48A2960457A00B53D55 /* ScrumsView.swift in Sources */,
				07BB2B09295E0A8700BC3D79 /* MeetingView.swift in Sources */,
				07BB2B07295E0A8700BC3D79 /* ScrumdingerApp.swift in Sources */,
				0765F1D7297C6E2D00DE4B39 /* ErrorView.swift in Sources */,
				0765F1C7297C3CFD00DE4B39 /* ScrumProgessViewStyle.swift in Sources */,
				0765F1CD297C576A00DE4B39 /* AVPlayer.swift in Sources */,
				0765F1C1297C2C7C00DE4B39 /* ThemeView.swift in Sources */,
				077AFDD529912DEB003A3AC4 /* SpeakerArc.swift in Sources */,
				07B2D48629603DDD00B53D55 /* CardView.swift in Sources */,
			);
			runOnlyForDeploymentPostprocessing = 0;
		};
		07BB2B10295E0A8700BC3D79 /* Sources */ = {
			isa = PBXSourcesBuildPhase;
			buildActionMask = 2147483647;
			files = (
				07BB2B19295E0A8700BC3D79 /* ScrumdingerTests.swift in Sources */,
			);
			runOnlyForDeploymentPostprocessing = 0;
		};
		07BB2B1A295E0A8700BC3D79 /* Sources */ = {
			isa = PBXSourcesBuildPhase;
			buildActionMask = 2147483647;
			files = (
				07BB2B25295E0A8700BC3D79 /* ScrumdingerUITestsLaunchTests.swift in Sources */,
				07BB2B23295E0A8700BC3D79 /* ScrumdingerUITests.swift in Sources */,
			);
			runOnlyForDeploymentPostprocessing = 0;
		};
/* End PBXSourcesBuildPhase section */

/* Begin PBXTargetDependency section */
		07BB2B16295E0A8700BC3D79 /* PBXTargetDependency */ = {
			isa = PBXTargetDependency;
			target = 07BB2B02295E0A8700BC3D79 /* Scrumdinger */;
			targetProxy = 07BB2B15295E0A8700BC3D79 /* PBXContainerItemProxy */;
		};
		07BB2B20295E0A8700BC3D79 /* PBXTargetDependency */ = {
			isa = PBXTargetDependency;
			target = 07BB2B02295E0A8700BC3D79 /* Scrumdinger */;
			targetProxy = 07BB2B1F295E0A8700BC3D79 /* PBXContainerItemProxy */;
		};
/* End PBXTargetDependency section */

/* Begin XCBuildConfiguration section */
		07BB2B26295E0A8700BC3D79 /* Debug */ = {
			isa = XCBuildConfiguration;
			buildSettings = {
				ALWAYS_SEARCH_USER_PATHS = NO;
				CLANG_ANALYZER_NONNULL = YES;
				CLANG_ANALYZER_NUMBER_OBJECT_CONVERSION = YES_AGGRESSIVE;
				CLANG_CXX_LANGUAGE_STANDARD = "gnu++20";
				CLANG_ENABLE_MODULES = YES;
				CLANG_ENABLE_OBJC_ARC = YES;
				CLANG_ENABLE_OBJC_WEAK = YES;
				CLANG_WARN_BLOCK_CAPTURE_AUTORELEASING = YES;
				CLANG_WARN_BOOL_CONVERSION = YES;
				CLANG_WARN_COMMA = YES;
				CLANG_WARN_CONSTANT_CONVERSION = YES;
				CLANG_WARN_DEPRECATED_OBJC_IMPLEMENTATIONS = YES;
				CLANG_WARN_DIRECT_OBJC_ISA_USAGE = YES_ERROR;
				CLANG_WARN_DOCUMENTATION_COMMENTS = YES;
				CLANG_WARN_EMPTY_BODY = YES;
				CLANG_WARN_ENUM_CONVERSION = YES;
				CLANG_WARN_INFINITE_RECURSION = YES;
				CLANG_WARN_INT_CONVERSION = YES;
				CLANG_WARN_NON_LITERAL_NULL_CONVERSION = YES;
				CLANG_WARN_OBJC_IMPLICIT_RETAIN_SELF = YES;
				CLANG_WARN_OBJC_LITERAL_CONVERSION = YES;
				CLANG_WARN_OBJC_ROOT_CLASS = YES_ERROR;
				CLANG_WARN_QUOTED_INCLUDE_IN_FRAMEWORK_HEADER = YES;
				CLANG_WARN_RANGE_LOOP_ANALYSIS = YES;
				CLANG_WARN_STRICT_PROTOTYPES = YES;
				CLANG_WARN_SUSPICIOUS_MOVE = YES;
				CLANG_WARN_UNGUARDED_AVAILABILITY = YES_AGGRESSIVE;
				CLANG_WARN_UNREACHABLE_CODE = YES;
				CLANG_WARN__DUPLICATE_METHOD_MATCH = YES;
				COPY_PHASE_STRIP = NO;
				DEBUG_INFORMATION_FORMAT = dwarf;
				ENABLE_STRICT_OBJC_MSGSEND = YES;
				ENABLE_TESTABILITY = YES;
				GCC_C_LANGUAGE_STANDARD = gnu11;
				GCC_DYNAMIC_NO_PIC = NO;
				GCC_NO_COMMON_BLOCKS = YES;
				GCC_OPTIMIZATION_LEVEL = 0;
				GCC_PREPROCESSOR_DEFINITIONS = (
					"DEBUG=1",
					"$(inherited)",
				);
				GCC_WARN_64_TO_32_BIT_CONVERSION = YES;
				GCC_WARN_ABOUT_RETURN_TYPE = YES_ERROR;
				GCC_WARN_UNDECLARED_SELECTOR = YES;
				GCC_WARN_UNINITIALIZED_AUTOS = YES_AGGRESSIVE;
				GCC_WARN_UNUSED_FUNCTION = YES;
				GCC_WARN_UNUSED_VARIABLE = YES;
				IPHONEOS_DEPLOYMENT_TARGET = 15.0;
				MTL_ENABLE_DEBUG_INFO = INCLUDE_SOURCE;
				MTL_FAST_MATH = YES;
				ONLY_ACTIVE_ARCH = YES;
				SWIFT_ACTIVE_COMPILATION_CONDITIONS = DEBUG;
				SWIFT_OPTIMIZATION_LEVEL = "-Onone";
			};
			name = Debug;
		};
		07BB2B27295E0A8700BC3D79 /* Release */ = {
			isa = XCBuildConfiguration;
			buildSettings = {
				ALWAYS_SEARCH_USER_PATHS = NO;
				CLANG_ANALYZER_NONNULL = YES;
				CLANG_ANALYZER_NUMBER_OBJECT_CONVERSION = YES_AGGRESSIVE;
				CLANG_CXX_LANGUAGE_STANDARD = "gnu++20";
				CLANG_ENABLE_MODULES = YES;
				CLANG_ENABLE_OBJC_ARC = YES;
				CLANG_ENABLE_OBJC_WEAK = YES;
				CLANG_WARN_BLOCK_CAPTURE_AUTORELEASING = YES;
				CLANG_WARN_BOOL_CONVERSION = YES;
				CLANG_WARN_COMMA = YES;
				CLANG_WARN_CONSTANT_CONVERSION = YES;
				CLANG_WARN_DEPRECATED_OBJC_IMPLEMENTATIONS = YES;
				CLANG_WARN_DIRECT_OBJC_ISA_USAGE = YES_ERROR;
				CLANG_WARN_DOCUMENTATION_COMMENTS = YES;
				CLANG_WARN_EMPTY_BODY = YES;
				CLANG_WARN_ENUM_CONVERSION = YES;
				CLANG_WARN_INFINITE_RECURSION = YES;
				CLANG_WARN_INT_CONVERSION = YES;
				CLANG_WARN_NON_LITERAL_NULL_CONVERSION = YES;
				CLANG_WARN_OBJC_IMPLICIT_RETAIN_SELF = YES;
				CLANG_WARN_OBJC_LITERAL_CONVERSION = YES;
				CLANG_WARN_OBJC_ROOT_CLASS = YES_ERROR;
				CLANG_WARN_QUOTED_INCLUDE_IN_FRAMEWORK_HEADER = YES;
				CLANG_WARN_RANGE_LOOP_ANALYSIS = YES;
				CLANG_WARN_STRICT_PROTOTYPES = YES;
				CLANG_WARN_SUSPICIOUS_MOVE = YES;
				CLANG_WARN_UNGUARDED_AVAILABILITY = YES_AGGRESSIVE;
				CLANG_WARN_UNREACHABLE_CODE = YES;
				CLANG_WARN__DUPLICATE_METHOD_MATCH = YES;
				COPY_PHASE_STRIP = NO;
				DEBUG_INFORMATION_FORMAT = "dwarf-with-dsym";
				ENABLE_NS_ASSERTIONS = NO;
				ENABLE_STRICT_OBJC_MSGSEND = YES;
				GCC_C_LANGUAGE_STANDARD = gnu11;
				GCC_NO_COMMON_BLOCKS = YES;
				GCC_WARN_64_TO_32_BIT_CONVERSION = YES;
				GCC_WARN_ABOUT_RETURN_TYPE = YES_ERROR;
				GCC_WARN_UNDECLARED_SELECTOR = YES;
				GCC_WARN_UNINITIALIZED_AUTOS = YES_AGGRESSIVE;
				GCC_WARN_UNUSED_FUNCTION = YES;
				GCC_WARN_UNUSED_VARIABLE = YES;
				IPHONEOS_DEPLOYMENT_TARGET = 15.0;
				MTL_ENABLE_DEBUG_INFO = NO;
				MTL_FAST_MATH = YES;
				SWIFT_COMPILATION_MODE = wholemodule;
				SWIFT_OPTIMIZATION_LEVEL = "-O";
			};
			name = Release;
		};
		07BB2B29295E0A8700BC3D79 /* Debug */ = {
			isa = XCBuildConfiguration;
			buildSettings = {
				ASSETCATALOG_COMPILER_APPICON_NAME = AppIcon;
				ASSETCATALOG_COMPILER_GLOBAL_ACCENT_COLOR_NAME = AccentColor;
				CODE_SIGN_ENTITLEMENTS = Scrumdinger/Scrumdinger.entitlements;
				CODE_SIGN_STYLE = Automatic;
				CURRENT_PROJECT_VERSION = 1;
				DEVELOPMENT_ASSET_PATHS = "\"Scrumdinger/Preview Content\"";
				DEVELOPMENT_TEAM = QPW382C2S4;
				ENABLE_PREVIEWS = YES;
				GENERATE_INFOPLIST_FILE = YES;
				"INFOPLIST_KEY_UIApplicationSceneManifest_Generation[sdk=iphoneos*]" = YES;
				"INFOPLIST_KEY_UIApplicationSceneManifest_Generation[sdk=iphonesimulator*]" = YES;
				"INFOPLIST_KEY_UIApplicationSupportsIndirectInputEvents[sdk=iphoneos*]" = YES;
				"INFOPLIST_KEY_UIApplicationSupportsIndirectInputEvents[sdk=iphonesimulator*]" = YES;
				"INFOPLIST_KEY_UILaunchScreen_Generation[sdk=iphoneos*]" = YES;
				"INFOPLIST_KEY_UILaunchScreen_Generation[sdk=iphonesimulator*]" = YES;
				INFOPLIST_KEY_UIStatusBarStyle = "";
				"INFOPLIST_KEY_UIStatusBarStyle[sdk=iphoneos*]" = UIStatusBarStyleDefault;
				"INFOPLIST_KEY_UIStatusBarStyle[sdk=iphonesimulator*]" = UIStatusBarStyleDefault;
				INFOPLIST_KEY_UISupportedInterfaceOrientations_iPad = "UIInterfaceOrientationPortrait UIInterfaceOrientationPortraitUpsideDown UIInterfaceOrientationLandscapeLeft UIInterfaceOrientationLandscapeRight";
				INFOPLIST_KEY_UISupportedInterfaceOrientations_iPhone = "UIInterfaceOrientationPortrait UIInterfaceOrientationLandscapeLeft UIInterfaceOrientationLandscapeRight";
				IPHONEOS_DEPLOYMENT_TARGET = 15.0;
				LD_RUNPATH_SEARCH_PATHS = "@executable_path/Frameworks";
				"LD_RUNPATH_SEARCH_PATHS[sdk=macosx*]" = "@executable_path/../Frameworks";
				MACOSX_DEPLOYMENT_TARGET = 13.1;
				MARKETING_VERSION = 1.0;
				PRODUCT_BUNDLE_IDENTIFIER = Rafonix.Scrumdinger;
				PRODUCT_NAME = "$(TARGET_NAME)";
				SDKROOT = auto;
				SUPPORTED_PLATFORMS = "iphoneos iphonesimulator macosx";
				SWIFT_EMIT_LOC_STRINGS = YES;
				SWIFT_VERSION = 5.0;
				TARGETED_DEVICE_FAMILY = "1,2";
			};
			name = Debug;
		};
		07BB2B2A295E0A8700BC3D79 /* Release */ = {
			isa = XCBuildConfiguration;
			buildSettings = {
				ASSETCATALOG_COMPILER_APPICON_NAME = AppIcon;
				ASSETCATALOG_COMPILER_GLOBAL_ACCENT_COLOR_NAME = AccentColor;
				CODE_SIGN_ENTITLEMENTS = Scrumdinger/Scrumdinger.entitlements;
				CODE_SIGN_STYLE = Automatic;
				CURRENT_PROJECT_VERSION = 1;
				DEVELOPMENT_ASSET_PATHS = "\"Scrumdinger/Preview Content\"";
				DEVELOPMENT_TEAM = QPW382C2S4;
				ENABLE_PREVIEWS = YES;
				GENERATE_INFOPLIST_FILE = YES;
				"INFOPLIST_KEY_UIApplicationSceneManifest_Generation[sdk=iphoneos*]" = YES;
				"INFOPLIST_KEY_UIApplicationSceneManifest_Generation[sdk=iphonesimulator*]" = YES;
				"INFOPLIST_KEY_UIApplicationSupportsIndirectInputEvents[sdk=iphoneos*]" = YES;
				"INFOPLIST_KEY_UIApplicationSupportsIndirectInputEvents[sdk=iphonesimulator*]" = YES;
				"INFOPLIST_KEY_UILaunchScreen_Generation[sdk=iphoneos*]" = YES;
				"INFOPLIST_KEY_UILaunchScreen_Generation[sdk=iphonesimulator*]" = YES;
				INFOPLIST_KEY_UIStatusBarStyle = "";
				"INFOPLIST_KEY_UIStatusBarStyle[sdk=iphoneos*]" = UIStatusBarStyleDefault;
				"INFOPLIST_KEY_UIStatusBarStyle[sdk=iphonesimulator*]" = UIStatusBarStyleDefault;
				INFOPLIST_KEY_UISupportedInterfaceOrientations_iPad = "UIInterfaceOrientationPortrait UIInterfaceOrientationPortraitUpsideDown UIInterfaceOrientationLandscapeLeft UIInterfaceOrientationLandscapeRight";
				INFOPLIST_KEY_UISupportedInterfaceOrientations_iPhone = "UIInterfaceOrientationPortrait UIInterfaceOrientationLandscapeLeft UIInterfaceOrientationLandscapeRight";
				IPHONEOS_DEPLOYMENT_TARGET = 15.0;
				LD_RUNPATH_SEARCH_PATHS = "@executable_path/Frameworks";
				"LD_RUNPATH_SEARCH_PATHS[sdk=macosx*]" = "@executable_path/../Frameworks";
				MACOSX_DEPLOYMENT_TARGET = 13.1;
				MARKETING_VERSION = 1.0;
				PRODUCT_BUNDLE_IDENTIFIER = Rafonix.Scrumdinger;
				PRODUCT_NAME = "$(TARGET_NAME)";
				SDKROOT = auto;
				SUPPORTED_PLATFORMS = "iphoneos iphonesimulator macosx";
				SWIFT_EMIT_LOC_STRINGS = YES;
				SWIFT_VERSION = 5.0;
				TARGETED_DEVICE_FAMILY = "1,2";
			};
			name = Release;
		};
		07BB2B2C295E0A8700BC3D79 /* Debug */ = {
			isa = XCBuildConfiguration;
			buildSettings = {
				ALWAYS_EMBED_SWIFT_STANDARD_LIBRARIES = YES;
				BUNDLE_LOADER = "$(TEST_HOST)";
				CODE_SIGN_STYLE = Automatic;
				CURRENT_PROJECT_VERSION = 1;
				GENERATE_INFOPLIST_FILE = YES;
				IPHONEOS_DEPLOYMENT_TARGET = 16.2;
				MACOSX_DEPLOYMENT_TARGET = 13.1;
				MARKETING_VERSION = 1.0;
				PRODUCT_BUNDLE_IDENTIFIER = Rafonix.ScrumdingerTests;
				PRODUCT_NAME = "$(TARGET_NAME)";
				SDKROOT = auto;
				SUPPORTED_PLATFORMS = "iphoneos iphonesimulator macosx";
				SWIFT_EMIT_LOC_STRINGS = NO;
				SWIFT_VERSION = 5.0;
				TARGETED_DEVICE_FAMILY = "1,2";
				TEST_HOST = "$(BUILT_PRODUCTS_DIR)/Scrumdinger.app/$(BUNDLE_EXECUTABLE_FOLDER_PATH)/Scrumdinger";
			};
			name = Debug;
		};
		07BB2B2D295E0A8700BC3D79 /* Release */ = {
			isa = XCBuildConfiguration;
			buildSettings = {
				ALWAYS_EMBED_SWIFT_STANDARD_LIBRARIES = YES;
				BUNDLE_LOADER = "$(TEST_HOST)";
				CODE_SIGN_STYLE = Automatic;
				CURRENT_PROJECT_VERSION = 1;
				GENERATE_INFOPLIST_FILE = YES;
				IPHONEOS_DEPLOYMENT_TARGET = 16.2;
				MACOSX_DEPLOYMENT_TARGET = 13.1;
				MARKETING_VERSION = 1.0;
				PRODUCT_BUNDLE_IDENTIFIER = Rafonix.ScrumdingerTests;
				PRODUCT_NAME = "$(TARGET_NAME)";
				SDKROOT = auto;
				SUPPORTED_PLATFORMS = "iphoneos iphonesimulator macosx";
				SWIFT_EMIT_LOC_STRINGS = NO;
				SWIFT_VERSION = 5.0;
				TARGETED_DEVICE_FAMILY = "1,2";
				TEST_HOST = "$(BUILT_PRODUCTS_DIR)/Scrumdinger.app/$(BUNDLE_EXECUTABLE_FOLDER_PATH)/Scrumdinger";
			};
			name = Release;
		};
		07BB2B2F295E0A8700BC3D79 /* Debug */ = {
			isa = XCBuildConfiguration;
			buildSettings = {
				ALWAYS_EMBED_SWIFT_STANDARD_LIBRARIES = YES;
				CODE_SIGN_STYLE = Automatic;
				CURRENT_PROJECT_VERSION = 1;
				GENERATE_INFOPLIST_FILE = YES;
				IPHONEOS_DEPLOYMENT_TARGET = 16.2;
				MACOSX_DEPLOYMENT_TARGET = 13.1;
				MARKETING_VERSION = 1.0;
				PRODUCT_BUNDLE_IDENTIFIER = Rafonix.ScrumdingerUITests;
				PRODUCT_NAME = "$(TARGET_NAME)";
				SDKROOT = auto;
				SUPPORTED_PLATFORMS = "iphoneos iphonesimulator macosx";
				SWIFT_EMIT_LOC_STRINGS = NO;
				SWIFT_VERSION = 5.0;
				TARGETED_DEVICE_FAMILY = "1,2";
				TEST_TARGET_NAME = Scrumdinger;
			};
			name = Debug;
		};
		07BB2B30295E0A8700BC3D79 /* Release */ = {
			isa = XCBuildConfiguration;
			buildSettings = {
				ALWAYS_EMBED_SWIFT_STANDARD_LIBRARIES = YES;
				CODE_SIGN_STYLE = Automatic;
				CURRENT_PROJECT_VERSION = 1;
				GENERATE_INFOPLIST_FILE = YES;
				IPHONEOS_DEPLOYMENT_TARGET = 16.2;
				MACOSX_DEPLOYMENT_TARGET = 13.1;
				MARKETING_VERSION = 1.0;
				PRODUCT_BUNDLE_IDENTIFIER = Rafonix.ScrumdingerUITests;
				PRODUCT_NAME = "$(TARGET_NAME)";
				SDKROOT = auto;
				SUPPORTED_PLATFORMS = "iphoneos iphonesimulator macosx";
				SWIFT_EMIT_LOC_STRINGS = NO;
				SWIFT_VERSION = 5.0;
				TARGETED_DEVICE_FAMILY = "1,2";
				TEST_TARGET_NAME = Scrumdinger;
			};
			name = Release;
		};
/* End XCBuildConfiguration section */

/* Begin XCConfigurationList section */
		07BB2AFE295E0A8600BC3D79 /* Build configuration list for PBXProject "Scrumdinger" */ = {
			isa = XCConfigurationList;
			buildConfigurations = (
				07BB2B26295E0A8700BC3D79 /* Debug */,
				07BB2B27295E0A8700BC3D79 /* Release */,
			);
			defaultConfigurationIsVisible = 0;
			defaultConfigurationName = Release;
		};
		07BB2B28295E0A8700BC3D79 /* Build configuration list for PBXNativeTarget "Scrumdinger" */ = {
			isa = XCConfigurationList;
			buildConfigurations = (
				07BB2B29295E0A8700BC3D79 /* Debug */,
				07BB2B2A295E0A8700BC3D79 /* Release */,
			);
			defaultConfigurationIsVisible = 0;
			defaultConfigurationName = Release;
		};
		07BB2B2B295E0A8700BC3D79 /* Build configuration list for PBXNativeTarget "ScrumdingerTests" */ = {
			isa = XCConfigurationList;
			buildConfigurations = (
				07BB2B2C295E0A8700BC3D79 /* Debug */,
				07BB2B2D295E0A8700BC3D79 /* Release */,
			);
			defaultConfigurationIsVisible = 0;
			defaultConfigurationName = Release;
		};
		07BB2B2E295E0A8700BC3D79 /* Build configuration list for PBXNativeTarget "ScrumdingerUITests" */ = {
			isa = XCConfigurationList;
			buildConfigurations = (
				07BB2B2F295E0A8700BC3D79 /* Debug */,
				07BB2B30295E0A8700BC3D79 /* Release */,
			);
			defaultConfigurationIsVisible = 0;
			defaultConfigurationName = Release;
		};
/* End XCConfigurationList section */
	};
	rootObject = 07BB2AFB295E0A8600BC3D79 /* Project object */;
}
